// !$*UTF8*$!
{
	archiveVersion = 1;
	classes = {
	};
	objectVersion = 55;
	objects = {

/* Begin PBXBuildFile section */
		A0FA78C528A8B39B00ECD2B7 /* Test_ListApp.swift in Sources */ = {isa = PBXBuildFile; fileRef = A0FA78C428A8B39B00ECD2B7 /* Test_ListApp.swift */; };
		A0FA78C728A8B39B00ECD2B7 /* ContentView.swift in Sources */ = {isa = PBXBuildFile; fileRef = A0FA78C628A8B39B00ECD2B7 /* ContentView.swift */; };
		A0FA78C928A8B39E00ECD2B7 /* Assets.xcassets in Resources */ = {isa = PBXBuildFile; fileRef = A0FA78C828A8B39E00ECD2B7 /* Assets.xcassets */; };
		A0FA78CC28A8B39E00ECD2B7 /* Preview Assets.xcassets in Resources */ = {isa = PBXBuildFile; fileRef = A0FA78CB28A8B39E00ECD2B7 /* Preview Assets.xcassets */; };
		A0FA78D628A8B39E00ECD2B7 /* Test_ListTests.swift in Sources */ = {isa = PBXBuildFile; fileRef = A0FA78D528A8B39E00ECD2B7 /* Test_ListTests.swift */; };
		A0FA78E028A8B39E00ECD2B7 /* Test_ListUITests.swift in Sources */ = {isa = PBXBuildFile; fileRef = A0FA78DF28A8B39E00ECD2B7 /* Test_ListUITests.swift */; };
		A0FA78E228A8B39E00ECD2B7 /* Test_ListUITestsLaunchTests.swift in Sources */ = {isa = PBXBuildFile; fileRef = A0FA78E128A8B39E00ECD2B7 /* Test_ListUITestsLaunchTests.swift */; };
/* End PBXBuildFile section */

/* Begin PBXContainerItemProxy section */
		A0FA78D228A8B39E00ECD2B7 /* PBXContainerItemProxy */ = {
			isa = PBXContainerItemProxy;
			containerPortal = A0FA78B928A8B39B00ECD2B7 /* Project object */;
			proxyType = 1;
			remoteGlobalIDString = A0FA78C028A8B39B00ECD2B7;
			remoteInfo = Test_List;
		};
		A0FA78DC28A8B39E00ECD2B7 /* PBXContainerItemProxy */ = {
			isa = PBXContainerItemProxy;
			containerPortal = A0FA78B928A8B39B00ECD2B7 /* Project object */;
			proxyType = 1;
			remoteGlobalIDString = A0FA78C028A8B39B00ECD2B7;
			remoteInfo = Test_List;
		};
/* End PBXContainerItemProxy section */

/* Begin PBXFileReference section */
		A0FA78C128A8B39B00ECD2B7 /* Test_List.app */ = {isa = PBXFileReference; explicitFileType = wrapper.application; includeInIndex = 0; path = Test_List.app; sourceTree = BUILT_PRODUCTS_DIR; };
		A0FA78C428A8B39B00ECD2B7 /* Test_ListApp.swift */ = {isa = PBXFileReference; lastKnownFileType = sourcecode.swift; path = Test_ListApp.swift; sourceTree = "<group>"; };
		A0FA78C628A8B39B00ECD2B7 /* ContentView.swift */ = {isa = PBXFileReference; lastKnownFileType = sourcecode.swift; path = ContentView.swift; sourceTree = "<group>"; };
		A0FA78C828A8B39E00ECD2B7 /* Assets.xcassets */ = {isa = PBXFileReference; lastKnownFileType = folder.assetcatalog; path = Assets.xcassets; sourceTree = "<group>"; };
		A0FA78CB28A8B39E00ECD2B7 /* Preview Assets.xcassets */ = {isa = PBXFileReference; lastKnownFileType = folder.assetcatalog; path = "Preview Assets.xcassets"; sourceTree = "<group>"; };
		A0FA78D128A8B39E00ECD2B7 /* Test_ListTests.xctest */ = {isa = PBXFileReference; explicitFileType = wrapper.cfbundle; includeInIndex = 0; path = Test_ListTests.xctest; sourceTree = BUILT_PRODUCTS_DIR; };
		A0FA78D528A8B39E00ECD2B7 /* Test_ListTests.swift */ = {isa = PBXFileReference; lastKnownFileType = sourcecode.swift; path = Test_ListTests.swift; sourceTree = "<group>"; };
		A0FA78DB28A8B39E00ECD2B7 /* Test_ListUITests.xctest */ = {isa = PBXFileReference; explicitFileType = wrapper.cfbundle; includeInIndex = 0; path = Test_ListUITests.xctest; sourceTree = BUILT_PRODUCTS_DIR; };
		A0FA78DF28A8B39E00ECD2B7 /* Test_ListUITests.swift */ = {isa = PBXFileReference; lastKnownFileType = sourcecode.swift; path = Test_ListUITests.swift; sourceTree = "<group>"; };
		A0FA78E128A8B39E00ECD2B7 /* Test_ListUITestsLaunchTests.swift */ = {isa = PBXFileReference; lastKnownFileType = sourcecode.swift; path = Test_ListUITestsLaunchTests.swift; sourceTree = "<group>"; };
/* End PBXFileReference section */

/* Begin PBXFrameworksBuildPhase section */
		A0FA78BE28A8B39B00ECD2B7 /* Frameworks */ = {
			isa = PBXFrameworksBuildPhase;
			buildActionMask = 2147483647;
			files = (
			);
			runOnlyForDeploymentPostprocessing = 0;
		};
		A0FA78CE28A8B39E00ECD2B7 /* Frameworks */ = {
			isa = PBXFrameworksBuildPhase;
			buildActionMask = 2147483647;
			files = (
			);
			runOnlyForDeploymentPostprocessing = 0;
		};
		A0FA78D828A8B39E00ECD2B7 /* Frameworks */ = {
			isa = PBXFrameworksBuildPhase;
			buildActionMask = 2147483647;
			files = (
			);
			runOnlyForDeploymentPostprocessing = 0;
		};
/* End PBXFrameworksBuildPhase section */

/* Begin PBXGroup section */
		A0FA78B828A8B39B00ECD2B7 = {
			isa = PBXGroup;
			children = (
				A0FA78C328A8B39B00ECD2B7 /* Test_List */,
				A0FA78D428A8B39E00ECD2B7 /* Test_ListTests */,
				A0FA78DE28A8B39E00ECD2B7 /* Test_ListUITests */,
				A0FA78C228A8B39B00ECD2B7 /* Products */,
			);
			sourceTree = "<group>";
		};
		A0FA78C228A8B39B00ECD2B7 /* Products */ = {
			isa = PBXGroup;
			children = (
				A0FA78C128A8B39B00ECD2B7 /* Test_List.app */,
				A0FA78D128A8B39E00ECD2B7 /* Test_ListTests.xctest */,
				A0FA78DB28A8B39E00ECD2B7 /* Test_ListUITests.xctest */,
			);
			name = Products;
			sourceTree = "<group>";
		};
		A0FA78C328A8B39B00ECD2B7 /* Test_List */ = {
			isa = PBXGroup;
			children = (
				A0FA78C428A8B39B00ECD2B7 /* Test_ListApp.swift */,
				A0FA78C628A8B39B00ECD2B7 /* ContentView.swift */,
				A0FA78C828A8B39E00ECD2B7 /* Assets.xcassets */,
				A0FA78CA28A8B39E00ECD2B7 /* Preview Content */,
			);
			path = Test_List;
			sourceTree = "<group>";
		};
		A0FA78CA28A8B39E00ECD2B7 /* Preview Content */ = {
			isa = PBXGroup;
			children = (
				A0FA78CB28A8B39E00ECD2B7 /* Preview Assets.xcassets */,
			);
			path = "Preview Content";
			sourceTree = "<group>";
		};
		A0FA78D428A8B39E00ECD2B7 /* Test_ListTests */ = {
			isa = PBXGroup;
			children = (
				A0FA78D528A8B39E00ECD2B7 /* Test_ListTests.swift */,
			);
			path = Test_ListTests;
			sourceTree = "<group>";
		};
		A0FA78DE28A8B39E00ECD2B7 /* Test_ListUITests */ = {
			isa = PBXGroup;
			children = (
				A0FA78DF28A8B39E00ECD2B7 /* Test_ListUITests.swift */,
				A0FA78E128A8B39E00ECD2B7 /* Test_ListUITestsLaunchTests.swift */,
			);
			path = Test_ListUITests;
			sourceTree = "<group>";
		};
/* End PBXGroup section */

/* Begin PBXNativeTarget section */
		A0FA78C028A8B39B00ECD2B7 /* Test_List */ = {
			isa = PBXNativeTarget;
			buildConfigurationList = A0FA78E528A8B39E00ECD2B7 /* Build configuration list for PBXNativeTarget "Test_List" */;
			buildPhases = (
				A0FA78BD28A8B39B00ECD2B7 /* Sources */,
				A0FA78BE28A8B39B00ECD2B7 /* Frameworks */,
				A0FA78BF28A8B39B00ECD2B7 /* Resources */,
			);
			buildRules = (
			);
			dependencies = (
			);
			name = Test_List;
			productName = Test_List;
			productReference = A0FA78C128A8B39B00ECD2B7 /* Test_List.app */;
			productType = "com.apple.product-type.application";
		};
		A0FA78D028A8B39E00ECD2B7 /* Test_ListTests */ = {
			isa = PBXNativeTarget;
			buildConfigurationList = A0FA78E828A8B39E00ECD2B7 /* Build configuration list for PBXNativeTarget "Test_ListTests" */;
			buildPhases = (
				A0FA78CD28A8B39E00ECD2B7 /* Sources */,
				A0FA78CE28A8B39E00ECD2B7 /* Frameworks */,
				A0FA78CF28A8B39E00ECD2B7 /* Resources */,
			);
			buildRules = (
			);
			dependencies = (
				A0FA78D328A8B39E00ECD2B7 /* PBXTargetDependency */,
			);
			name = Test_ListTests;
			productName = Test_ListTests;
			productReference = A0FA78D128A8B39E00ECD2B7 /* Test_ListTests.xctest */;
			productType = "com.apple.product-type.bundle.unit-test";
		};
		A0FA78DA28A8B39E00ECD2B7 /* Test_ListUITests */ = {
			isa = PBXNativeTarget;
			buildConfigurationList = A0FA78EB28A8B39E00ECD2B7 /* Build configuration list for PBXNativeTarget "Test_ListUITests" */;
			buildPhases = (
				A0FA78D728A8B39E00ECD2B7 /* Sources */,
				A0FA78D828A8B39E00ECD2B7 /* Frameworks */,
				A0FA78D928A8B39E00ECD2B7 /* Resources */,
			);
			buildRules = (
			);
			dependencies = (
				A0FA78DD28A8B39E00ECD2B7 /* PBXTargetDependency */,
			);
			name = Test_ListUITests;
			productName = Test_ListUITests;
			productReference = A0FA78DB28A8B39E00ECD2B7 /* Test_ListUITests.xctest */;
			productType = "com.apple.product-type.bundle.ui-testing";
		};
/* End PBXNativeTarget section */

/* Begin PBXProject section */
		A0FA78B928A8B39B00ECD2B7 /* Project object */ = {
			isa = PBXProject;
			attributes = {
				BuildIndependentTargetsInParallel = 1;
				LastSwiftUpdateCheck = 1340;
				LastUpgradeCheck = 1340;
				TargetAttributes = {
					A0FA78C028A8B39B00ECD2B7 = {
						CreatedOnToolsVersion = 13.4.1;
					};
					A0FA78D028A8B39E00ECD2B7 = {
						CreatedOnToolsVersion = 13.4.1;
						TestTargetID = A0FA78C028A8B39B00ECD2B7;
					};
					A0FA78DA28A8B39E00ECD2B7 = {
						CreatedOnToolsVersion = 13.4.1;
						TestTargetID = A0FA78C028A8B39B00ECD2B7;
					};
				};
			};
			buildConfigurationList = A0FA78BC28A8B39B00ECD2B7 /* Build configuration list for PBXProject "Test_List" */;
			compatibilityVersion = "Xcode 13.0";
			developmentRegion = en;
			hasScannedForEncodings = 0;
			knownRegions = (
				en,
				Base,
			);
			mainGroup = A0FA78B828A8B39B00ECD2B7;
			productRefGroup = A0FA78C228A8B39B00ECD2B7 /* Products */;
			projectDirPath = "";
			projectRoot = "";
			targets = (
				A0FA78C028A8B39B00ECD2B7 /* Test_List */,
				A0FA78D028A8B39E00ECD2B7 /* Test_ListTests */,
				A0FA78DA28A8B39E00ECD2B7 /* Test_ListUITests */,
			);
		};
/* End PBXProject section */

/* Begin PBXResourcesBuildPhase section */
		A0FA78BF28A8B39B00ECD2B7 /* Resources */ = {
			isa = PBXResourcesBuildPhase;
			buildActionMask = 2147483647;
			files = (
				A0FA78CC28A8B39E00ECD2B7 /* Preview Assets.xcassets in Resources */,
				A0FA78C928A8B39E00ECD2B7 /* Assets.xcassets in Resources */,
			);
			runOnlyForDeploymentPostprocessing = 0;
		};
		A0FA78CF28A8B39E00ECD2B7 /* Resources */ = {
			isa = PBXResourcesBuildPhase;
			buildActionMask = 2147483647;
			files = (
			);
			runOnlyForDeploymentPostprocessing = 0;
		};
		A0FA78D928A8B39E00ECD2B7 /* Resources */ = {
			isa = PBXResourcesBuildPhase;
			buildActionMask = 2147483647;
			files = (
			);
			runOnlyForDeploymentPostprocessing = 0;
		};
/* End PBXResourcesBuildPhase section */

/* Begin PBXSourcesBuildPhase section */
		A0FA78BD28A8B39B00ECD2B7 /* Sources */ = {
			isa = PBXSourcesBuildPhase;
			buildActionMask = 2147483647;
			files = (
				A0FA78C728A8B39B00ECD2B7 /* ContentView.swift in Sources */,
				A0FA78C528A8B39B00ECD2B7 /* Test_ListApp.swift in Sources */,
			);
			runOnlyForDeploymentPostprocessing = 0;
		};
		A0FA78CD28A8B39E00ECD2B7 /* Sources */ = {
			isa = PBXSourcesBuildPhase;
			buildActionMask = 2147483647;
			files = (
				A0FA78D628A8B39E00ECD2B7 /* Test_ListTests.swift in Sources */,
			);
			runOnlyForDeploymentPostprocessing = 0;
		};
		A0FA78D728A8B39E00ECD2B7 /* Sources */ = {
			isa = PBXSourcesBuildPhase;
			buildActionMask = 2147483647;
			files = (
				A0FA78E228A8B39E00ECD2B7 /* Test_ListUITestsLaunchTests.swift in Sources */,
				A0FA78E028A8B39E00ECD2B7 /* Test_ListUITests.swift in Sources */,
			);
			runOnlyForDeploymentPostprocessing = 0;
		};
/* End PBXSourcesBuildPhase section */

/* Begin PBXTargetDependency section */
		A0FA78D328A8B39E00ECD2B7 /* PBXTargetDependency */ = {
			isa = PBXTargetDependency;
			target = A0FA78C028A8B39B00ECD2B7 /* Test_List */;
			targetProxy = A0FA78D228A8B39E00ECD2B7 /* PBXContainerItemProxy */;
		};
		A0FA78DD28A8B39E00ECD2B7 /* PBXTargetDependency */ = {
			isa = PBXTargetDependency;
			target = A0FA78C028A8B39B00ECD2B7 /* Test_List */;
			targetProxy = A0FA78DC28A8B39E00ECD2B7 /* PBXContainerItemProxy */;
		};
/* End PBXTargetDependency section */

/* Begin XCBuildConfiguration section */
		A0FA78E328A8B39E00ECD2B7 /* Debug */ = {
			isa = XCBuildConfiguration;
			buildSettings = {
				ALWAYS_SEARCH_USER_PATHS = NO;
				CLANG_ANALYZER_NONNULL = YES;
				CLANG_ANALYZER_NUMBER_OBJECT_CONVERSION = YES_AGGRESSIVE;
				CLANG_CXX_LANGUAGE_STANDARD = "gnu++17";
				CLANG_ENABLE_MODULES = YES;
				CLANG_ENABLE_OBJC_ARC = YES;
				CLANG_ENABLE_OBJC_WEAK = YES;
				CLANG_WARN_BLOCK_CAPTURE_AUTORELEASING = YES;
				CLANG_WARN_BOOL_CONVERSION = YES;
				CLANG_WARN_COMMA = YES;
				CLANG_WARN_CONSTANT_CONVERSION = YES;
				CLANG_WARN_DEPRECATED_OBJC_IMPLEMENTATIONS = YES;
				CLANG_WARN_DIRECT_OBJC_ISA_USAGE = YES_ERROR;
				CLANG_WARN_DOCUMENTATION_COMMENTS = YES;
				CLANG_WARN_EMPTY_BODY = YES;
				CLANG_WARN_ENUM_CONVERSION = YES;
				CLANG_WARN_INFINITE_RECURSION = YES;
				CLANG_WARN_INT_CONVERSION = YES;
				CLANG_WARN_NON_LITERAL_NULL_CONVERSION = YES;
				CLANG_WARN_OBJC_IMPLICIT_RETAIN_SELF = YES;
				CLANG_WARN_OBJC_LITERAL_CONVERSION = YES;
				CLANG_WARN_OBJC_ROOT_CLASS = YES_ERROR;
				CLANG_WARN_QUOTED_INCLUDE_IN_FRAMEWORK_HEADER = YES;
				CLANG_WARN_RANGE_LOOP_ANALYSIS = YES;
				CLANG_WARN_STRICT_PROTOTYPES = YES;
				CLANG_WARN_SUSPICIOUS_MOVE = YES;
				CLANG_WARN_UNGUARDED_AVAILABILITY = YES_AGGRESSIVE;
				CLANG_WARN_UNREACHABLE_CODE = YES;
				CLANG_WARN__DUPLICATE_METHOD_MATCH = YES;
				COPY_PHASE_STRIP = NO;
				DEBUG_INFORMATION_FORMAT = dwarf;
				ENABLE_STRICT_OBJC_MSGSEND = YES;
				ENABLE_TESTABILITY = YES;
				GCC_C_LANGUAGE_STANDARD = gnu11;
				GCC_DYNAMIC_NO_PIC = NO;
				GCC_NO_COMMON_BLOCKS = YES;
				GCC_OPTIMIZATION_LEVEL = 0;
				GCC_PREPROCESSOR_DEFINITIONS = (
					"DEBUG=1",
					"$(inherited)",
				);
				GCC_WARN_64_TO_32_BIT_CONVERSION = YES;
				GCC_WARN_ABOUT_RETURN_TYPE = YES_ERROR;
				GCC_WARN_UNDECLARED_SELECTOR = YES;
				GCC_WARN_UNINITIALIZED_AUTOS = YES_AGGRESSIVE;
				GCC_WARN_UNUSED_FUNCTION = YES;
				GCC_WARN_UNUSED_VARIABLE = YES;
				IPHONEOS_DEPLOYMENT_TARGET = 15.5;
				MTL_ENABLE_DEBUG_INFO = INCLUDE_SOURCE;
				MTL_FAST_MATH = YES;
				ONLY_ACTIVE_ARCH = YES;
				SDKROOT = iphoneos;
				SWIFT_ACTIVE_COMPILATION_CONDITIONS = DEBUG;
				SWIFT_OPTIMIZATION_LEVEL = "-Onone";
			};
			name = Debug;
		};
		A0FA78E428A8B39E00ECD2B7 /* Release */ = {
			isa = XCBuildConfiguration;
			buildSettings = {
				ALWAYS_SEARCH_USER_PATHS = NO;
				CLANG_ANALYZER_NONNULL = YES;
				CLANG_ANALYZER_NUMBER_OBJECT_CONVERSION = YES_AGGRESSIVE;
				CLANG_CXX_LANGUAGE_STANDARD = "gnu++17";
				CLANG_ENABLE_MODULES = YES;
				CLANG_ENABLE_OBJC_ARC = YES;
				CLANG_ENABLE_OBJC_WEAK = YES;
				CLANG_WARN_BLOCK_CAPTURE_AUTORELEASING = YES;
				CLANG_WARN_BOOL_CONVERSION = YES;
				CLANG_WARN_COMMA = YES;
				CLANG_WARN_CONSTANT_CONVERSION = YES;
				CLANG_WARN_DEPRECATED_OBJC_IMPLEMENTATIONS = YES;
				CLANG_WARN_DIRECT_OBJC_ISA_USAGE = YES_ERROR;
				CLANG_WARN_DOCUMENTATION_COMMENTS = YES;
				CLANG_WARN_EMPTY_BODY = YES;
				CLANG_WARN_ENUM_CONVERSION = YES;
				CLANG_WARN_INFINITE_RECURSION = YES;
				CLANG_WARN_INT_CONVERSION = YES;
				CLANG_WARN_NON_LITERAL_NULL_CONVERSION = YES;
				CLANG_WARN_OBJC_IMPLICIT_RETAIN_SELF = YES;
				CLANG_WARN_OBJC_LITERAL_CONVERSION = YES;
				CLANG_WARN_OBJC_ROOT_CLASS = YES_ERROR;
				CLANG_WARN_QUOTED_INCLUDE_IN_FRAMEWORK_HEADER = YES;
				CLANG_WARN_RANGE_LOOP_ANALYSIS = YES;
				CLANG_WARN_STRICT_PROTOTYPES = YES;
				CLANG_WARN_SUSPICIOUS_MOVE = YES;
				CLANG_WARN_UNGUARDED_AVAILABILITY = YES_AGGRESSIVE;
				CLANG_WARN_UNREACHABLE_CODE = YES;
				CLANG_WARN__DUPLICATE_METHOD_MATCH = YES;
				COPY_PHASE_STRIP = NO;
				DEBUG_INFORMATION_FORMAT = "dwarf-with-dsym";
				ENABLE_NS_ASSERTIONS = NO;
				ENABLE_STRICT_OBJC_MSGSEND = YES;
				GCC_C_LANGUAGE_STANDARD = gnu11;
				GCC_NO_COMMON_BLOCKS = YES;
				GCC_WARN_64_TO_32_BIT_CONVERSION = YES;
				GCC_WARN_ABOUT_RETURN_TYPE = YES_ERROR;
				GCC_WARN_UNDECLARED_SELECTOR = YES;
				GCC_WARN_UNINITIALIZED_AUTOS = YES_AGGRESSIVE;
				GCC_WARN_UNUSED_FUNCTION = YES;
				GCC_WARN_UNUSED_VARIABLE = YES;
				IPHONEOS_DEPLOYMENT_TARGET = 15.5;
				MTL_ENABLE_DEBUG_INFO = NO;
				MTL_FAST_MATH = YES;
				SDKROOT = iphoneos;
				SWIFT_COMPILATION_MODE = wholemodule;
				SWIFT_OPTIMIZATION_LEVEL = "-O";
				VALIDATE_PRODUCT = YES;
			};
			name = Release;
		};
		A0FA78E628A8B39E00ECD2B7 /* Debug */ = {
			isa = XCBuildConfiguration;
			buildSettings = {
				ASSETCATALOG_COMPILER_APPICON_NAME = AppIcon;
				ASSETCATALOG_COMPILER_GLOBAL_ACCENT_COLOR_NAME = AccentColor;
				CODE_SIGN_STYLE = Automatic;
				CURRENT_PROJECT_VERSION = 1;
				DEVELOPMENT_ASSET_PATHS = "\"Test_List/Preview Content\"";
				DEVELOPMENT_TEAM = NR84Y45J3Z;
				ENABLE_PREVIEWS = YES;
				GENERATE_INFOPLIST_FILE = YES;
				INFOPLIST_KEY_UIApplicationSceneManifest_Generation = YES;
				INFOPLIST_KEY_UIApplicationSupportsIndirectInputEvents = YES;
				INFOPLIST_KEY_UILaunchScreen_Generation = YES;
				INFOPLIST_KEY_UISupportedInterfaceOrientations_iPad = "UIInterfaceOrientationPortrait UIInterfaceOrientationPortraitUpsideDown UIInterfaceOrientationLandscapeLeft UIInterfaceOrientationLandscapeRight";
				INFOPLIST_KEY_UISupportedInterfaceOrientations_iPhone = "UIInterfaceOrientationPortrait UIInterfaceOrientationLandscapeLeft UIInterfaceOrientationLandscapeRight";
				LD_RUNPATH_SEARCH_PATHS = (
					"$(inherited)",
					"@executable_path/Frameworks",
				);
				MARKETING_VERSION = 1.0;
				PRODUCT_BUNDLE_IDENTIFIER = "thoughtwork.Test-List";
				PRODUCT_NAME = "$(TARGET_NAME)";
				SWIFT_EMIT_LOC_STRINGS = YES;
				SWIFT_VERSION = 5.0;
				TARGETED_DEVICE_FAMILY = "1,2";
			};
			name = Debug;
		};
		A0FA78E728A8B39E00ECD2B7 /* Release */ = {
			isa = XCBuildConfiguration;
			buildSettings = {
				ASSETCATALOG_COMPILER_APPICON_NAME = AppIcon;
				ASSETCATALOG_COMPILER_GLOBAL_ACCENT_COLOR_NAME = AccentColor;
				CODE_SIGN_STYLE = Automatic;
				CURRENT_PROJECT_VERSION = 1;
				DEVELOPMENT_ASSET_PATHS = "\"Test_List/Preview Content\"";
				DEVELOPMENT_TEAM = NR84Y45J3Z;
				ENABLE_PREVIEWS = YES;
				GENERATE_INFOPLIST_FILE = YES;
				INFOPLIST_KEY_UIApplicationSceneManifest_Generation = YES;
				INFOPLIST_KEY_UIApplicationSupportsIndirectInputEvents = YES;
				INFOPLIST_KEY_UILaunchScreen_Generation = YES;
				INFOPLIST_KEY_UISupportedInterfaceOrientations_iPad = "UIInterfaceOrientationPortrait UIInterfaceOrientationPortraitUpsideDown UIInterfaceOrientationLandscapeLeft UIInterfaceOrientationLandscapeRight";
				INFOPLIST_KEY_UISupportedInterfaceOrientations_iPhone = "UIInterfaceOrientationPortrait UIInterfaceOrientationLandscapeLeft UIInterfaceOrientationLandscapeRight";
				LD_RUNPATH_SEARCH_PATHS = (
					"$(inherited)",
					"@executable_path/Frameworks",
				);
				MARKETING_VERSION = 1.0;
				PRODUCT_BUNDLE_IDENTIFIER = "thoughtwork.Test-List";
				PRODUCT_NAME = "$(TARGET_NAME)";
				SWIFT_EMIT_LOC_STRINGS = YES;
				SWIFT_VERSION = 5.0;
				TARGETED_DEVICE_FAMILY = "1,2";
			};
			name = Release;
		};
		A0FA78E928A8B39E00ECD2B7 /* Debug */ = {
			isa = XCBuildConfiguration;
			buildSettings = {
				ALWAYS_EMBED_SWIFT_STANDARD_LIBRARIES = YES;
				BUNDLE_LOADER = "$(TEST_HOST)";
				CODE_SIGN_STYLE = Automatic;
				CURRENT_PROJECT_VERSION = 1;
				DEVELOPMENT_TEAM = NR84Y45J3Z;
				GENERATE_INFOPLIST_FILE = YES;
				IPHONEOS_DEPLOYMENT_TARGET = 15.5;
				MARKETING_VERSION = 1.0;
				PRODUCT_BUNDLE_IDENTIFIER = "thoughtwork.Test-ListTests";
				PRODUCT_NAME = "$(TARGET_NAME)";
				SWIFT_EMIT_LOC_STRINGS = NO;
				SWIFT_VERSION = 5.0;
				TARGETED_DEVICE_FAMILY = "1,2";
				TEST_HOST = "$(BUILT_PRODUCTS_DIR)/Test_List.app/Test_List";
			};
			name = Debug;
		};
		A0FA78EA28A8B39E00ECD2B7 /* Release */ = {
			isa = XCBuildConfiguration;
			buildSettings = {
				ALWAYS_EMBED_SWIFT_STANDARD_LIBRARIES = YES;
				BUNDLE_LOADER = "$(TEST_HOST)";
				CODE_SIGN_STYLE = Automatic;
				CURRENT_PROJECT_VERSION = 1;
				DEVELOPMENT_TEAM = NR84Y45J3Z;
				GENERATE_INFOPLIST_FILE = YES;
				IPHONEOS_DEPLOYMENT_TARGET = 15.5;
				MARKETING_VERSION = 1.0;
				PRODUCT_BUNDLE_IDENTIFIER = "thoughtwork.Test-ListTests";
				PRODUCT_NAME = "$(TARGET_NAME)";
				SWIFT_EMIT_LOC_STRINGS = NO;
				SWIFT_VERSION = 5.0;
				TARGETED_DEVICE_FAMILY = "1,2";
				TEST_HOST = "$(BUILT_PRODUCTS_DIR)/Test_List.app/Test_List";
			};
			name = Release;
		};
		A0FA78EC28A8B39E00ECD2B7 /* Debug */ = {
			isa = XCBuildConfiguration;
			buildSettings = {
				ALWAYS_EMBED_SWIFT_STANDARD_LIBRARIES = YES;
				CODE_SIGN_STYLE = Automatic;
				CURRENT_PROJECT_VERSION = 1;
				DEVELOPMENT_TEAM = NR84Y45J3Z;
				GENERATE_INFOPLIST_FILE = YES;
				MARKETING_VERSION = 1.0;
				PRODUCT_BUNDLE_IDENTIFIER = "thoughtwork.Test-ListUITests";
				PRODUCT_NAME = "$(TARGET_NAME)";
				SWIFT_EMIT_LOC_STRINGS = NO;
				SWIFT_VERSION = 5.0;
				TARGETED_DEVICE_FAMILY = "1,2";
				TEST_TARGET_NAME = Test_List;
			};
			name = Debug;
		};
		A0FA78ED28A8B39E00ECD2B7 /* Release */ = {
			isa = XCBuildConfiguration;
			buildSettings = {
				ALWAYS_EMBED_SWIFT_STANDARD_LIBRARIES = YES;
				CODE_SIGN_STYLE = Automatic;
				CURRENT_PROJECT_VERSION = 1;
				DEVELOPMENT_TEAM = NR84Y45J3Z;
				GENERATE_INFOPLIST_FILE = YES;
				MARKETING_VERSION = 1.0;
				PRODUCT_BUNDLE_IDENTIFIER = "thoughtwork.Test-ListUITests";
				PRODUCT_NAME = "$(TARGET_NAME)";
				SWIFT_EMIT_LOC_STRINGS = NO;
				SWIFT_VERSION = 5.0;
				TARGETED_DEVICE_FAMILY = "1,2";
				TEST_TARGET_NAME = Test_List;
			};
			name = Release;
		};
/* End XCBuildConfiguration section */

/* Begin XCConfigurationList section */
		A0FA78BC28A8B39B00ECD2B7 /* Build configuration list for PBXProject "Test_List" */ = {
			isa = XCConfigurationList;
			buildConfigurations = (
				A0FA78E328A8B39E00ECD2B7 /* Debug */,
				A0FA78E428A8B39E00ECD2B7 /* Release */,
			);
			defaultConfigurationIsVisible = 0;
			defaultConfigurationName = Release;
		};
		A0FA78E528A8B39E00ECD2B7 /* Build configuration list for PBXNativeTarget "Test_List" */ = {
			isa = XCConfigurationList;
			buildConfigurations = (
				A0FA78E628A8B39E00ECD2B7 /* Debug */,
				A0FA78E728A8B39E00ECD2B7 /* Release */,
			);
			defaultConfigurationIsVisible = 0;
			defaultConfigurationName = Release;
		};
		A0FA78E828A8B39E00ECD2B7 /* Build configuration list for PBXNativeTarget "Test_ListTests" */ = {
			isa = XCConfigurationList;
			buildConfigurations = (
				A0FA78E928A8B39E00ECD2B7 /* Debug */,
				A0FA78EA28A8B39E00ECD2B7 /* Release */,
			);
			defaultConfigurationIsVisible = 0;
			defaultConfigurationName = Release;
		};
		A0FA78EB28A8B39E00ECD2B7 /* Build configuration list for PBXNativeTarget "Test_ListUITests" */ = {
			isa = XCConfigurationList;
			buildConfigurations = (
				A0FA78EC28A8B39E00ECD2B7 /* Debug */,
				A0FA78ED28A8B39E00ECD2B7 /* Release */,
			);
			defaultConfigurationIsVisible = 0;
			defaultConfigurationName = Release;
		};
/* End XCConfigurationList section */
	};
	rootObject = A0FA78B928A8B39B00ECD2B7 /* Project object */;
}
