// !$*UTF8*$!
{
	archiveVersion = 1;
	classes = {
	};
	objectVersion = 55;
	objects = {

/* Begin PBXBuildFile section */
		A038C5B428990C66001A386D /* SmartHomeApp.swift in Sources */ = {isa = PBXBuildFile; fileRef = A038C5B328990C66001A386D /* SmartHomeApp.swift */; };
		A038C5B628990C66001A386D /* ContentView.swift in Sources */ = {isa = PBXBuildFile; fileRef = A038C5B528990C66001A386D /* ContentView.swift */; };
		A038C5B828990C67001A386D /* Assets.xcassets in Resources */ = {isa = PBXBuildFile; fileRef = A038C5B728990C67001A386D /* Assets.xcassets */; };
		A038C5BB28990C67001A386D /* Preview Assets.xcassets in Resources */ = {isa = PBXBuildFile; fileRef = A038C5BA28990C67001A386D /* Preview Assets.xcassets */; };
		A038C5C528990C67001A386D /* SmartHomeTests.swift in Sources */ = {isa = PBXBuildFile; fileRef = A038C5C428990C67001A386D /* SmartHomeTests.swift */; };
		A038C5CF28990C67001A386D /* SmartHomeUITests.swift in Sources */ = {isa = PBXBuildFile; fileRef = A038C5CE28990C67001A386D /* SmartHomeUITests.swift */; };
		A038C5D128990C67001A386D /* SmartHomeUITestsLaunchTests.swift in Sources */ = {isa = PBXBuildFile; fileRef = A038C5D028990C67001A386D /* SmartHomeUITestsLaunchTests.swift */; };
		A06902CE28A2408300716E71 /* detailView.swift in Sources */ = {isa = PBXBuildFile; fileRef = A06902CD28A2408300716E71 /* detailView.swift */; };
/* End PBXBuildFile section */

/* Begin PBXContainerItemProxy section */
		A038C5C128990C67001A386D /* PBXContainerItemProxy */ = {
			isa = PBXContainerItemProxy;
			containerPortal = A038C5A828990C66001A386D /* Project object */;
			proxyType = 1;
			remoteGlobalIDString = A038C5AF28990C66001A386D;
			remoteInfo = SmartHome;
		};
		A038C5CB28990C67001A386D /* PBXContainerItemProxy */ = {
			isa = PBXContainerItemProxy;
			containerPortal = A038C5A828990C66001A386D /* Project object */;
			proxyType = 1;
			remoteGlobalIDString = A038C5AF28990C66001A386D;
			remoteInfo = SmartHome;
		};
/* End PBXContainerItemProxy section */

/* Begin PBXFileReference section */
		A038C5B028990C66001A386D /* SmartHome.app */ = {isa = PBXFileReference; explicitFileType = wrapper.application; includeInIndex = 0; path = SmartHome.app; sourceTree = BUILT_PRODUCTS_DIR; };
		A038C5B328990C66001A386D /* SmartHomeApp.swift */ = {isa = PBXFileReference; lastKnownFileType = sourcecode.swift; path = SmartHomeApp.swift; sourceTree = "<group>"; };
		A038C5B528990C66001A386D /* ContentView.swift */ = {isa = PBXFileReference; lastKnownFileType = sourcecode.swift; path = ContentView.swift; sourceTree = "<group>"; };
		A038C5B728990C67001A386D /* Assets.xcassets */ = {isa = PBXFileReference; lastKnownFileType = folder.assetcatalog; path = Assets.xcassets; sourceTree = "<group>"; };
		A038C5BA28990C67001A386D /* Preview Assets.xcassets */ = {isa = PBXFileReference; lastKnownFileType = folder.assetcatalog; path = "Preview Assets.xcassets"; sourceTree = "<group>"; };
		A038C5C028990C67001A386D /* SmartHomeTests.xctest */ = {isa = PBXFileReference; explicitFileType = wrapper.cfbundle; includeInIndex = 0; path = SmartHomeTests.xctest; sourceTree = BUILT_PRODUCTS_DIR; };
		A038C5C428990C67001A386D /* SmartHomeTests.swift */ = {isa = PBXFileReference; lastKnownFileType = sourcecode.swift; path = SmartHomeTests.swift; sourceTree = "<group>"; };
		A038C5CA28990C67001A386D /* SmartHomeUITests.xctest */ = {isa = PBXFileReference; explicitFileType = wrapper.cfbundle; includeInIndex = 0; path = SmartHomeUITests.xctest; sourceTree = BUILT_PRODUCTS_DIR; };
		A038C5CE28990C67001A386D /* SmartHomeUITests.swift */ = {isa = PBXFileReference; lastKnownFileType = sourcecode.swift; path = SmartHomeUITests.swift; sourceTree = "<group>"; };
		A038C5D028990C67001A386D /* SmartHomeUITestsLaunchTests.swift */ = {isa = PBXFileReference; lastKnownFileType = sourcecode.swift; path = SmartHomeUITestsLaunchTests.swift; sourceTree = "<group>"; };
		A06902CD28A2408300716E71 /* detailView.swift */ = {isa = PBXFileReference; lastKnownFileType = sourcecode.swift; path = detailView.swift; sourceTree = "<group>"; };
/* End PBXFileReference section */

/* Begin PBXFrameworksBuildPhase section */
		A038C5AD28990C66001A386D /* Frameworks */ = {
			isa = PBXFrameworksBuildPhase;
			buildActionMask = 2147483647;
			files = (
			);
			runOnlyForDeploymentPostprocessing = 0;
		};
		A038C5BD28990C67001A386D /* Frameworks */ = {
			isa = PBXFrameworksBuildPhase;
			buildActionMask = 2147483647;
			files = (
			);
			runOnlyForDeploymentPostprocessing = 0;
		};
		A038C5C728990C67001A386D /* Frameworks */ = {
			isa = PBXFrameworksBuildPhase;
			buildActionMask = 2147483647;
			files = (
			);
			runOnlyForDeploymentPostprocessing = 0;
		};
/* End PBXFrameworksBuildPhase section */

/* Begin PBXGroup section */
		A038C5A728990C66001A386D = {
			isa = PBXGroup;
			children = (
				A038C5B228990C66001A386D /* SmartHome */,
				A038C5C328990C67001A386D /* SmartHomeTests */,
				A038C5CD28990C67001A386D /* SmartHomeUITests */,
				A038C5B128990C66001A386D /* Products */,
			);
			sourceTree = "<group>";
		};
		A038C5B128990C66001A386D /* Products */ = {
			isa = PBXGroup;
			children = (
				A038C5B028990C66001A386D /* SmartHome.app */,
				A038C5C028990C67001A386D /* SmartHomeTests.xctest */,
				A038C5CA28990C67001A386D /* SmartHomeUITests.xctest */,
			);
			name = Products;
			sourceTree = "<group>";
		};
		A038C5B228990C66001A386D /* SmartHome */ = {
			isa = PBXGroup;
			children = (
				A038C5B328990C66001A386D /* SmartHomeApp.swift */,
				A038C5B528990C66001A386D /* ContentView.swift */,
				A06902CD28A2408300716E71 /* detailView.swift */,
				A038C5B728990C67001A386D /* Assets.xcassets */,
				A038C5B928990C67001A386D /* Preview Content */,
			);
			path = SmartHome;
			sourceTree = "<group>";
		};
		A038C5B928990C67001A386D /* Preview Content */ = {
			isa = PBXGroup;
			children = (
				A038C5BA28990C67001A386D /* Preview Assets.xcassets */,
			);
			path = "Preview Content";
			sourceTree = "<group>";
		};
		A038C5C328990C67001A386D /* SmartHomeTests */ = {
			isa = PBXGroup;
			children = (
				A038C5C428990C67001A386D /* SmartHomeTests.swift */,
			);
			path = SmartHomeTests;
			sourceTree = "<group>";
		};
		A038C5CD28990C67001A386D /* SmartHomeUITests */ = {
			isa = PBXGroup;
			children = (
				A038C5CE28990C67001A386D /* SmartHomeUITests.swift */,
				A038C5D028990C67001A386D /* SmartHomeUITestsLaunchTests.swift */,
			);
			path = SmartHomeUITests;
			sourceTree = "<group>";
		};
/* End PBXGroup section */

/* Begin PBXNativeTarget section */
		A038C5AF28990C66001A386D /* SmartHome */ = {
			isa = PBXNativeTarget;
			buildConfigurationList = A038C5D428990C67001A386D /* Build configuration list for PBXNativeTarget "SmartHome" */;
			buildPhases = (
				A038C5AC28990C66001A386D /* Sources */,
				A038C5AD28990C66001A386D /* Frameworks */,
				A038C5AE28990C66001A386D /* Resources */,
			);
			buildRules = (
			);
			dependencies = (
			);
			name = SmartHome;
			productName = SmartHome;
			productReference = A038C5B028990C66001A386D /* SmartHome.app */;
			productType = "com.apple.product-type.application";
		};
		A038C5BF28990C67001A386D /* SmartHomeTests */ = {
			isa = PBXNativeTarget;
			buildConfigurationList = A038C5D728990C67001A386D /* Build configuration list for PBXNativeTarget "SmartHomeTests" */;
			buildPhases = (
				A038C5BC28990C67001A386D /* Sources */,
				A038C5BD28990C67001A386D /* Frameworks */,
				A038C5BE28990C67001A386D /* Resources */,
			);
			buildRules = (
			);
			dependencies = (
				A038C5C228990C67001A386D /* PBXTargetDependency */,
			);
			name = SmartHomeTests;
			productName = SmartHomeTests;
			productReference = A038C5C028990C67001A386D /* SmartHomeTests.xctest */;
			productType = "com.apple.product-type.bundle.unit-test";
		};
		A038C5C928990C67001A386D /* SmartHomeUITests */ = {
			isa = PBXNativeTarget;
			buildConfigurationList = A038C5DA28990C67001A386D /* Build configuration list for PBXNativeTarget "SmartHomeUITests" */;
			buildPhases = (
				A038C5C628990C67001A386D /* Sources */,
				A038C5C728990C67001A386D /* Frameworks */,
				A038C5C828990C67001A386D /* Resources */,
			);
			buildRules = (
			);
			dependencies = (
				A038C5CC28990C67001A386D /* PBXTargetDependency */,
			);
			name = SmartHomeUITests;
			productName = SmartHomeUITests;
			productReference = A038C5CA28990C67001A386D /* SmartHomeUITests.xctest */;
			productType = "com.apple.product-type.bundle.ui-testing";
		};
/* End PBXNativeTarget section */

/* Begin PBXProject section */
		A038C5A828990C66001A386D /* Project object */ = {
			isa = PBXProject;
			attributes = {
				BuildIndependentTargetsInParallel = 1;
				LastSwiftUpdateCheck = 1340;
				LastUpgradeCheck = 1340;
				TargetAttributes = {
					A038C5AF28990C66001A386D = {
						CreatedOnToolsVersion = 13.4.1;
					};
					A038C5BF28990C67001A386D = {
						CreatedOnToolsVersion = 13.4.1;
						TestTargetID = A038C5AF28990C66001A386D;
					};
					A038C5C928990C67001A386D = {
						CreatedOnToolsVersion = 13.4.1;
						TestTargetID = A038C5AF28990C66001A386D;
					};
				};
			};
			buildConfigurationList = A038C5AB28990C66001A386D /* Build configuration list for PBXProject "SmartHome" */;
			compatibilityVersion = "Xcode 13.0";
			developmentRegion = en;
			hasScannedForEncodings = 0;
			knownRegions = (
				en,
				Base,
			);
			mainGroup = A038C5A728990C66001A386D;
			productRefGroup = A038C5B128990C66001A386D /* Products */;
			projectDirPath = "";
			projectRoot = "";
			targets = (
				A038C5AF28990C66001A386D /* SmartHome */,
				A038C5BF28990C67001A386D /* SmartHomeTests */,
				A038C5C928990C67001A386D /* SmartHomeUITests */,
			);
		};
/* End PBXProject section */

/* Begin PBXResourcesBuildPhase section */
		A038C5AE28990C66001A386D /* Resources */ = {
			isa = PBXResourcesBuildPhase;
			buildActionMask = 2147483647;
			files = (
				A038C5BB28990C67001A386D /* Preview Assets.xcassets in Resources */,
				A038C5B828990C67001A386D /* Assets.xcassets in Resources */,
			);
			runOnlyForDeploymentPostprocessing = 0;
		};
		A038C5BE28990C67001A386D /* Resources */ = {
			isa = PBXResourcesBuildPhase;
			buildActionMask = 2147483647;
			files = (
			);
			runOnlyForDeploymentPostprocessing = 0;
		};
		A038C5C828990C67001A386D /* Resources */ = {
			isa = PBXResourcesBuildPhase;
			buildActionMask = 2147483647;
			files = (
			);
			runOnlyForDeploymentPostprocessing = 0;
		};
/* End PBXResourcesBuildPhase section */

/* Begin PBXSourcesBuildPhase section */
		A038C5AC28990C66001A386D /* Sources */ = {
			isa = PBXSourcesBuildPhase;
			buildActionMask = 2147483647;
			files = (
				A06902CE28A2408300716E71 /* detailView.swift in Sources */,
				A038C5B628990C66001A386D /* ContentView.swift in Sources */,
				A038C5B428990C66001A386D /* SmartHomeApp.swift in Sources */,
			);
			runOnlyForDeploymentPostprocessing = 0;
		};
		A038C5BC28990C67001A386D /* Sources */ = {
			isa = PBXSourcesBuildPhase;
			buildActionMask = 2147483647;
			files = (
				A038C5C528990C67001A386D /* SmartHomeTests.swift in Sources */,
			);
			runOnlyForDeploymentPostprocessing = 0;
		};
		A038C5C628990C67001A386D /* Sources */ = {
			isa = PBXSourcesBuildPhase;
			buildActionMask = 2147483647;
			files = (
				A038C5CF28990C67001A386D /* SmartHomeUITests.swift in Sources */,
				A038C5D128990C67001A386D /* SmartHomeUITestsLaunchTests.swift in Sources */,
			);
			runOnlyForDeploymentPostprocessing = 0;
		};
/* End PBXSourcesBuildPhase section */

/* Begin PBXTargetDependency section */
		A038C5C228990C67001A386D /* PBXTargetDependency */ = {
			isa = PBXTargetDependency;
			target = A038C5AF28990C66001A386D /* SmartHome */;
			targetProxy = A038C5C128990C67001A386D /* PBXContainerItemProxy */;
		};
		A038C5CC28990C67001A386D /* PBXTargetDependency */ = {
			isa = PBXTargetDependency;
			target = A038C5AF28990C66001A386D /* SmartHome */;
			targetProxy = A038C5CB28990C67001A386D /* PBXContainerItemProxy */;
		};
/* End PBXTargetDependency section */

/* Begin XCBuildConfiguration section */
		A038C5D228990C67001A386D /* Debug */ = {
			isa = XCBuildConfiguration;
			buildSettings = {
				ALWAYS_SEARCH_USER_PATHS = NO;
				CLANG_ANALYZER_NONNULL = YES;
				CLANG_ANALYZER_NUMBER_OBJECT_CONVERSION = YES_AGGRESSIVE;
				CLANG_CXX_LANGUAGE_STANDARD = "gnu++17";
				CLANG_ENABLE_MODULES = YES;
				CLANG_ENABLE_OBJC_ARC = YES;
				CLANG_ENABLE_OBJC_WEAK = YES;
				CLANG_WARN_BLOCK_CAPTURE_AUTORELEASING = YES;
				CLANG_WARN_BOOL_CONVERSION = YES;
				CLANG_WARN_COMMA = YES;
				CLANG_WARN_CONSTANT_CONVERSION = YES;
				CLANG_WARN_DEPRECATED_OBJC_IMPLEMENTATIONS = YES;
				CLANG_WARN_DIRECT_OBJC_ISA_USAGE = YES_ERROR;
				CLANG_WARN_DOCUMENTATION_COMMENTS = YES;
				CLANG_WARN_EMPTY_BODY = YES;
				CLANG_WARN_ENUM_CONVERSION = YES;
				CLANG_WARN_INFINITE_RECURSION = YES;
				CLANG_WARN_INT_CONVERSION = YES;
				CLANG_WARN_NON_LITERAL_NULL_CONVERSION = YES;
				CLANG_WARN_OBJC_IMPLICIT_RETAIN_SELF = YES;
				CLANG_WARN_OBJC_LITERAL_CONVERSION = YES;
				CLANG_WARN_OBJC_ROOT_CLASS = YES_ERROR;
				CLANG_WARN_QUOTED_INCLUDE_IN_FRAMEWORK_HEADER = YES;
				CLANG_WARN_RANGE_LOOP_ANALYSIS = YES;
				CLANG_WARN_STRICT_PROTOTYPES = YES;
				CLANG_WARN_SUSPICIOUS_MOVE = YES;
				CLANG_WARN_UNGUARDED_AVAILABILITY = YES_AGGRESSIVE;
				CLANG_WARN_UNREACHABLE_CODE = YES;
				CLANG_WARN__DUPLICATE_METHOD_MATCH = YES;
				COPY_PHASE_STRIP = NO;
				DEBUG_INFORMATION_FORMAT = dwarf;
				ENABLE_STRICT_OBJC_MSGSEND = YES;
				ENABLE_TESTABILITY = YES;
				GCC_C_LANGUAGE_STANDARD = gnu11;
				GCC_DYNAMIC_NO_PIC = NO;
				GCC_NO_COMMON_BLOCKS = YES;
				GCC_OPTIMIZATION_LEVEL = 0;
				GCC_PREPROCESSOR_DEFINITIONS = (
					"DEBUG=1",
					"$(inherited)",
				);
				GCC_WARN_64_TO_32_BIT_CONVERSION = YES;
				GCC_WARN_ABOUT_RETURN_TYPE = YES_ERROR;
				GCC_WARN_UNDECLARED_SELECTOR = YES;
				GCC_WARN_UNINITIALIZED_AUTOS = YES_AGGRESSIVE;
				GCC_WARN_UNUSED_FUNCTION = YES;
				GCC_WARN_UNUSED_VARIABLE = YES;
				IPHONEOS_DEPLOYMENT_TARGET = 15.5;
				MTL_ENABLE_DEBUG_INFO = INCLUDE_SOURCE;
				MTL_FAST_MATH = YES;
				ONLY_ACTIVE_ARCH = YES;
				SDKROOT = iphoneos;
				SWIFT_ACTIVE_COMPILATION_CONDITIONS = DEBUG;
				SWIFT_OPTIMIZATION_LEVEL = "-Onone";
			};
			name = Debug;
		};
		A038C5D328990C67001A386D /* Release */ = {
			isa = XCBuildConfiguration;
			buildSettings = {
				ALWAYS_SEARCH_USER_PATHS = NO;
				CLANG_ANALYZER_NONNULL = YES;
				CLANG_ANALYZER_NUMBER_OBJECT_CONVERSION = YES_AGGRESSIVE;
				CLANG_CXX_LANGUAGE_STANDARD = "gnu++17";
				CLANG_ENABLE_MODULES = YES;
				CLANG_ENABLE_OBJC_ARC = YES;
				CLANG_ENABLE_OBJC_WEAK = YES;
				CLANG_WARN_BLOCK_CAPTURE_AUTORELEASING = YES;
				CLANG_WARN_BOOL_CONVERSION = YES;
				CLANG_WARN_COMMA = YES;
				CLANG_WARN_CONSTANT_CONVERSION = YES;
				CLANG_WARN_DEPRECATED_OBJC_IMPLEMENTATIONS = YES;
				CLANG_WARN_DIRECT_OBJC_ISA_USAGE = YES_ERROR;
				CLANG_WARN_DOCUMENTATION_COMMENTS = YES;
				CLANG_WARN_EMPTY_BODY = YES;
				CLANG_WARN_ENUM_CONVERSION = YES;
				CLANG_WARN_INFINITE_RECURSION = YES;
				CLANG_WARN_INT_CONVERSION = YES;
				CLANG_WARN_NON_LITERAL_NULL_CONVERSION = YES;
				CLANG_WARN_OBJC_IMPLICIT_RETAIN_SELF = YES;
				CLANG_WARN_OBJC_LITERAL_CONVERSION = YES;
				CLANG_WARN_OBJC_ROOT_CLASS = YES_ERROR;
				CLANG_WARN_QUOTED_INCLUDE_IN_FRAMEWORK_HEADER = YES;
				CLANG_WARN_RANGE_LOOP_ANALYSIS = YES;
				CLANG_WARN_STRICT_PROTOTYPES = YES;
				CLANG_WARN_SUSPICIOUS_MOVE = YES;
				CLANG_WARN_UNGUARDED_AVAILABILITY = YES_AGGRESSIVE;
				CLANG_WARN_UNREACHABLE_CODE = YES;
				CLANG_WARN__DUPLICATE_METHOD_MATCH = YES;
				COPY_PHASE_STRIP = NO;
				DEBUG_INFORMATION_FORMAT = "dwarf-with-dsym";
				ENABLE_NS_ASSERTIONS = NO;
				ENABLE_STRICT_OBJC_MSGSEND = YES;
				GCC_C_LANGUAGE_STANDARD = gnu11;
				GCC_NO_COMMON_BLOCKS = YES;
				GCC_WARN_64_TO_32_BIT_CONVERSION = YES;
				GCC_WARN_ABOUT_RETURN_TYPE = YES_ERROR;
				GCC_WARN_UNDECLARED_SELECTOR = YES;
				GCC_WARN_UNINITIALIZED_AUTOS = YES_AGGRESSIVE;
				GCC_WARN_UNUSED_FUNCTION = YES;
				GCC_WARN_UNUSED_VARIABLE = YES;
				IPHONEOS_DEPLOYMENT_TARGET = 15.5;
				MTL_ENABLE_DEBUG_INFO = NO;
				MTL_FAST_MATH = YES;
				SDKROOT = iphoneos;
				SWIFT_COMPILATION_MODE = wholemodule;
				SWIFT_OPTIMIZATION_LEVEL = "-O";
				VALIDATE_PRODUCT = YES;
			};
			name = Release;
		};
		A038C5D528990C67001A386D /* Debug */ = {
			isa = XCBuildConfiguration;
			buildSettings = {
				ASSETCATALOG_COMPILER_APPICON_NAME = AppIcon;
				ASSETCATALOG_COMPILER_GLOBAL_ACCENT_COLOR_NAME = AccentColor;
				CODE_SIGN_STYLE = Automatic;
				CURRENT_PROJECT_VERSION = 1;
				DEVELOPMENT_ASSET_PATHS = "\"SmartHome/Preview Content\"";
				DEVELOPMENT_TEAM = NR84Y45J3Z;
				ENABLE_PREVIEWS = YES;
				GENERATE_INFOPLIST_FILE = YES;
				INFOPLIST_KEY_UIApplicationSceneManifest_Generation = YES;
				INFOPLIST_KEY_UIApplicationSupportsIndirectInputEvents = YES;
				INFOPLIST_KEY_UILaunchScreen_Generation = YES;
				INFOPLIST_KEY_UISupportedInterfaceOrientations_iPad = "UIInterfaceOrientationPortrait UIInterfaceOrientationPortraitUpsideDown UIInterfaceOrientationLandscapeLeft UIInterfaceOrientationLandscapeRight";
				INFOPLIST_KEY_UISupportedInterfaceOrientations_iPhone = "UIInterfaceOrientationPortrait UIInterfaceOrientationLandscapeLeft UIInterfaceOrientationLandscapeRight";
				LD_RUNPATH_SEARCH_PATHS = (
					"$(inherited)",
					"@executable_path/Frameworks",
				);
				MARKETING_VERSION = 1.0;
				PRODUCT_BUNDLE_IDENTIFIER = Vulcan.SmartHome;
				PRODUCT_NAME = "$(TARGET_NAME)";
				SWIFT_EMIT_LOC_STRINGS = YES;
				SWIFT_VERSION = 5.0;
				TARGETED_DEVICE_FAMILY = "1,2";
			};
			name = Debug;
		};
		A038C5D628990C67001A386D /* Release */ = {
			isa = XCBuildConfiguration;
			buildSettings = {
				ASSETCATALOG_COMPILER_APPICON_NAME = AppIcon;
				ASSETCATALOG_COMPILER_GLOBAL_ACCENT_COLOR_NAME = AccentColor;
				CODE_SIGN_STYLE = Automatic;
				CURRENT_PROJECT_VERSION = 1;
				DEVELOPMENT_ASSET_PATHS = "\"SmartHome/Preview Content\"";
				DEVELOPMENT_TEAM = NR84Y45J3Z;
				ENABLE_PREVIEWS = YES;
				GENERATE_INFOPLIST_FILE = YES;
				INFOPLIST_KEY_UIApplicationSceneManifest_Generation = YES;
				INFOPLIST_KEY_UIApplicationSupportsIndirectInputEvents = YES;
				INFOPLIST_KEY_UILaunchScreen_Generation = YES;
				INFOPLIST_KEY_UISupportedInterfaceOrientations_iPad = "UIInterfaceOrientationPortrait UIInterfaceOrientationPortraitUpsideDown UIInterfaceOrientationLandscapeLeft UIInterfaceOrientationLandscapeRight";
				INFOPLIST_KEY_UISupportedInterfaceOrientations_iPhone = "UIInterfaceOrientationPortrait UIInterfaceOrientationLandscapeLeft UIInterfaceOrientationLandscapeRight";
				LD_RUNPATH_SEARCH_PATHS = (
					"$(inherited)",
					"@executable_path/Frameworks",
				);
				MARKETING_VERSION = 1.0;
				PRODUCT_BUNDLE_IDENTIFIER = Vulcan.SmartHome;
				PRODUCT_NAME = "$(TARGET_NAME)";
				SWIFT_EMIT_LOC_STRINGS = YES;
				SWIFT_VERSION = 5.0;
				TARGETED_DEVICE_FAMILY = "1,2";
			};
			name = Release;
		};
		A038C5D828990C67001A386D /* Debug */ = {
			isa = XCBuildConfiguration;
			buildSettings = {
				ALWAYS_EMBED_SWIFT_STANDARD_LIBRARIES = YES;
				BUNDLE_LOADER = "$(TEST_HOST)";
				CODE_SIGN_STYLE = Automatic;
				CURRENT_PROJECT_VERSION = 1;
				DEVELOPMENT_TEAM = NR84Y45J3Z;
				GENERATE_INFOPLIST_FILE = YES;
				IPHONEOS_DEPLOYMENT_TARGET = 15.5;
				MARKETING_VERSION = 1.0;
				PRODUCT_BUNDLE_IDENTIFIER = Vulcan.SmartHomeTests;
				PRODUCT_NAME = "$(TARGET_NAME)";
				SWIFT_EMIT_LOC_STRINGS = NO;
				SWIFT_VERSION = 5.0;
				TARGETED_DEVICE_FAMILY = "1,2";
				TEST_HOST = "$(BUILT_PRODUCTS_DIR)/SmartHome.app/SmartHome";
			};
			name = Debug;
		};
		A038C5D928990C67001A386D /* Release */ = {
			isa = XCBuildConfiguration;
			buildSettings = {
				ALWAYS_EMBED_SWIFT_STANDARD_LIBRARIES = YES;
				BUNDLE_LOADER = "$(TEST_HOST)";
				CODE_SIGN_STYLE = Automatic;
				CURRENT_PROJECT_VERSION = 1;
				DEVELOPMENT_TEAM = NR84Y45J3Z;
				GENERATE_INFOPLIST_FILE = YES;
				IPHONEOS_DEPLOYMENT_TARGET = 15.5;
				MARKETING_VERSION = 1.0;
				PRODUCT_BUNDLE_IDENTIFIER = Vulcan.SmartHomeTests;
				PRODUCT_NAME = "$(TARGET_NAME)";
				SWIFT_EMIT_LOC_STRINGS = NO;
				SWIFT_VERSION = 5.0;
				TARGETED_DEVICE_FAMILY = "1,2";
				TEST_HOST = "$(BUILT_PRODUCTS_DIR)/SmartHome.app/SmartHome";
			};
			name = Release;
		};
		A038C5DB28990C67001A386D /* Debug */ = {
			isa = XCBuildConfiguration;
			buildSettings = {
				ALWAYS_EMBED_SWIFT_STANDARD_LIBRARIES = YES;
				CODE_SIGN_STYLE = Automatic;
				CURRENT_PROJECT_VERSION = 1;
				DEVELOPMENT_TEAM = NR84Y45J3Z;
				GENERATE_INFOPLIST_FILE = YES;
				MARKETING_VERSION = 1.0;
				PRODUCT_BUNDLE_IDENTIFIER = Vulcan.SmartHomeUITests;
				PRODUCT_NAME = "$(TARGET_NAME)";
				SWIFT_EMIT_LOC_STRINGS = NO;
				SWIFT_VERSION = 5.0;
				TARGETED_DEVICE_FAMILY = "1,2";
				TEST_TARGET_NAME = SmartHome;
			};
			name = Debug;
		};
		A038C5DC28990C67001A386D /* Release */ = {
			isa = XCBuildConfiguration;
			buildSettings = {
				ALWAYS_EMBED_SWIFT_STANDARD_LIBRARIES = YES;
				CODE_SIGN_STYLE = Automatic;
				CURRENT_PROJECT_VERSION = 1;
				DEVELOPMENT_TEAM = NR84Y45J3Z;
				GENERATE_INFOPLIST_FILE = YES;
				MARKETING_VERSION = 1.0;
				PRODUCT_BUNDLE_IDENTIFIER = Vulcan.SmartHomeUITests;
				PRODUCT_NAME = "$(TARGET_NAME)";
				SWIFT_EMIT_LOC_STRINGS = NO;
				SWIFT_VERSION = 5.0;
				TARGETED_DEVICE_FAMILY = "1,2";
				TEST_TARGET_NAME = SmartHome;
			};
			name = Release;
		};
/* End XCBuildConfiguration section */

/* Begin XCConfigurationList section */
		A038C5AB28990C66001A386D /* Build configuration list for PBXProject "SmartHome" */ = {
			isa = XCConfigurationList;
			buildConfigurations = (
				A038C5D228990C67001A386D /* Debug */,
				A038C5D328990C67001A386D /* Release */,
			);
			defaultConfigurationIsVisible = 0;
			defaultConfigurationName = Release;
		};
		A038C5D428990C67001A386D /* Build configuration list for PBXNativeTarget "SmartHome" */ = {
			isa = XCConfigurationList;
			buildConfigurations = (
				A038C5D528990C67001A386D /* Debug */,
				A038C5D628990C67001A386D /* Release */,
			);
			defaultConfigurationIsVisible = 0;
			defaultConfigurationName = Release;
		};
		A038C5D728990C67001A386D /* Build configuration list for PBXNativeTarget "SmartHomeTests" */ = {
			isa = XCConfigurationList;
			buildConfigurations = (
				A038C5D828990C67001A386D /* Debug */,
				A038C5D928990C67001A386D /* Release */,
			);
			defaultConfigurationIsVisible = 0;
			defaultConfigurationName = Release;
		};
		A038C5DA28990C67001A386D /* Build configuration list for PBXNativeTarget "SmartHomeUITests" */ = {
			isa = XCConfigurationList;
			buildConfigurations = (
				A038C5DB28990C67001A386D /* Debug */,
				A038C5DC28990C67001A386D /* Release */,
			);
			defaultConfigurationIsVisible = 0;
			defaultConfigurationName = Release;
		};
/* End XCConfigurationList section */
	};
	rootObject = A038C5A828990C66001A386D /* Project object */;
}
